
Microsoft Visual Studio Solution File, Format Version 12.00
# Visual Studio 15
VisualStudioVersion = 15.0.27130.2010
MinimumVisualStudioVersion = 10.0.40219.1
Project("{FAE04EC0-301F-11D3-BF4B-00C04F79EFBC}") = "Union", "Union\Union.csproj", "{735C64CC-EC93-4C88-82FD-580246522951}"
EndProject
Global
	GlobalSection(SolutionConfigurationPlatforms) = preSolution
		Debug|Any CPU = Debug|Any CPU
		Release|Any CPU = Release|Any CPU
	EndGlobalSection
	GlobalSection(ProjectConfigurationPlatforms) = postSolution
		{735C64CC-EC93-4C88-82FD-580246522951}.Debug|Any CPU.ActiveCfg = Debug|Any CPU
		{735C64CC-EC93-4C88-82FD-580246522951}.Debug|Any CPU.Build.0 = Debug|Any CPU
		{735C64CC-EC93-4C88-82FD-580246522951}.Release|Any CPU.ActiveCfg = Release|Any CPU
		{735C64CC-EC93-4C88-82FD-580246522951}.Release|Any CPU.Build.0 = Release|Any CPU
	EndGlobalSection
	GlobalSection(SolutionProperties) = preSolution
		HideSolutionNode = FALSE
	EndGlobalSection
	GlobalSection(ExtensibilityGlobals) = postSolution
		SolutionGuid = {0D6657BF-6281-4B18-B637-5AAA91A9CC49}
	EndGlobalSection
EndGlobal
